
Microsoft Visual Studio Solution File, Format Version 12.00
# Visual Studio Version 16
VisualStudioVersion = 16.0.30907.101
MinimumVisualStudioVersion = 10.0.40219.1
Project("{9A19103F-16F7-4668-BE54-9A1E7A4F7556}") = "DiscussionMVCAppOaks", "DiscussionMVCAppOaks.csproj", "{A0EB64D2-35FB-470E-A337-E9C84620F8D1}"
EndProject
Global
	GlobalSection(SolutionConfigurationPlatforms) = preSolution
		Debug|Any CPU = Debug|Any CPU
		Release|Any CPU = Release|Any CPU
	EndGlobalSection
	GlobalSection(ProjectConfigurationPlatforms) = postSolution
		{A0EB64D2-35FB-470E-A337-E9C84620F8D1}.Debug|Any CPU.ActiveCfg = Debug|Any CPU
		{A0EB64D2-35FB-470E-A337-E9C84620F8D1}.Debug|Any CPU.Build.0 = Debug|Any CPU
		{A0EB64D2-35FB-470E-A337-E9C84620F8D1}.Release|Any CPU.ActiveCfg = Release|Any CPU
		{A0EB64D2-35FB-470E-A337-E9C84620F8D1}.Release|Any CPU.Build.0 = Release|Any CPU
	EndGlobalSection
	GlobalSection(SolutionProperties) = preSolution
		HideSolutionNode = FALSE
	EndGlobalSection
	GlobalSection(ExtensibilityGlobals) = postSolution
		SolutionGuid = {35BA9453-4F17-4306-8FF2-71FEA925730F}
	EndGlobalSection
EndGlobal
